
Microsoft Visual Studio Solution File, Format Version 12.00
# Visual Studio Version 17
VisualStudioVersion = 17.10.34928.147
MinimumVisualStudioVersion = 10.0.40219.1
Project("{FAE04EC0-301F-11D3-BF4B-00C04F79EFBC}") = "LaPeche", "LaPeche\LaPeche.csproj", "{A6175DDF-8D18-4B24-B117-880FA568B62D}"
EndProject
Project("{FAE04EC0-301F-11D3-BF4B-00C04F79EFBC}") = "TestUnitaire", "TestUnitaire\TestUnitaire.csproj", "{EF54F140-0BE7-411F-AE66-2755E7F46F6D}"
EndProject
Global
	GlobalSection(SolutionConfigurationPlatforms) = preSolution
		Debug|Any CPU = Debug|Any CPU
		Release|Any CPU = Release|Any CPU
	EndGlobalSection
	GlobalSection(ProjectConfigurationPlatforms) = postSolution
		{A6175DDF-8D18-4B24-B117-880FA568B62D}.Debug|Any CPU.ActiveCfg = Debug|Any CPU
		{A6175DDF-8D18-4B24-B117-880FA568B62D}.Debug|Any CPU.Build.0 = Debug|Any CPU
		{A6175DDF-8D18-4B24-B117-880FA568B62D}.Release|Any CPU.ActiveCfg = Release|Any CPU
		{A6175DDF-8D18-4B24-B117-880FA568B62D}.Release|Any CPU.Build.0 = Release|Any CPU
		{EF54F140-0BE7-411F-AE66-2755E7F46F6D}.Debug|Any CPU.ActiveCfg = Debug|Any CPU
		{EF54F140-0BE7-411F-AE66-2755E7F46F6D}.Debug|Any CPU.Build.0 = Debug|Any CPU
		{EF54F140-0BE7-411F-AE66-2755E7F46F6D}.Release|Any CPU.ActiveCfg = Release|Any CPU
		{EF54F140-0BE7-411F-AE66-2755E7F46F6D}.Release|Any CPU.Build.0 = Release|Any CPU
	EndGlobalSection
	GlobalSection(SolutionProperties) = preSolution
		HideSolutionNode = FALSE
	EndGlobalSection
	GlobalSection(ExtensibilityGlobals) = postSolution
		SolutionGuid = {C4D734C4-88D2-4FAA-BB1F-DDBDBAA9AD68}
	EndGlobalSection
EndGlobal
